
Microsoft Visual Studio Solution File, Format Version 12.00
# Visual Studio Version 16
VisualStudioVersion = 16.0.32929.386
MinimumVisualStudioVersion = 10.0.40219.1
Project("{FAE04EC0-301F-11D3-BF4B-00C04F79EFBC}") = "Задача 1", "Задача 1\Задача 1.csproj", "{ED6AAF26-A9A0-4DE5-AE9F-46084909BEFB}"
EndProject
Project("{FAE04EC0-301F-11D3-BF4B-00C04F79EFBC}") = "Задача 2", "Задача 2\Задача 2.csproj", "{51538EDD-6151-40C8-A7F8-5813E023EF33}"
EndProject
Global
	GlobalSection(SolutionConfigurationPlatforms) = preSolution
		Debug|Any CPU = Debug|Any CPU
		Release|Any CPU = Release|Any CPU
	EndGlobalSection
	GlobalSection(ProjectConfigurationPlatforms) = postSolution
		{ED6AAF26-A9A0-4DE5-AE9F-46084909BEFB}.Debug|Any CPU.ActiveCfg = Debug|Any CPU
		{ED6AAF26-A9A0-4DE5-AE9F-46084909BEFB}.Debug|Any CPU.Build.0 = Debug|Any CPU
		{ED6AAF26-A9A0-4DE5-AE9F-46084909BEFB}.Release|Any CPU.ActiveCfg = Release|Any CPU
		{ED6AAF26-A9A0-4DE5-AE9F-46084909BEFB}.Release|Any CPU.Build.0 = Release|Any CPU
		{51538EDD-6151-40C8-A7F8-5813E023EF33}.Debug|Any CPU.ActiveCfg = Debug|Any CPU
		{51538EDD-6151-40C8-A7F8-5813E023EF33}.Debug|Any CPU.Build.0 = Debug|Any CPU
		{51538EDD-6151-40C8-A7F8-5813E023EF33}.Release|Any CPU.ActiveCfg = Release|Any CPU
		{51538EDD-6151-40C8-A7F8-5813E023EF33}.Release|Any CPU.Build.0 = Release|Any CPU
	EndGlobalSection
	GlobalSection(SolutionProperties) = preSolution
		HideSolutionNode = FALSE
	EndGlobalSection
	GlobalSection(ExtensibilityGlobals) = postSolution
		SolutionGuid = {7A0DC3BD-FA4B-4EEA-809D-5E240AF25E36}
	EndGlobalSection
EndGlobal
